# @generated - this file is auto-generated by `mise lock` https://mise.jdx.dev/dev-tools/mise-lock.html

lockfile_version = 1

[[tools.actionlint]]
version = "1.7.12"
backend = "aqua:rhysd/actionlint"
specifiers = ["1.7.12"]

[tools.actionlint."platforms.linux-arm64"]
checksum = "sha256:325e971b6ba9bfa504672e29be93c24981eeb1c07576d730e9f7c8805afff0c6"
url = "https://github.com/rhysd/actionlint/releases/download/v1.7.12/actionlint_1.7.12_linux_arm64.tar.gz"
url_api = "https://api.github.com/repos/rhysd/actionlint/releases/assets/384924897"
provenance = "github-attestations"

[tools.actionlint."platforms.linux-x64"]
checksum = "sha256:8aca8db96f1b94770f1b0d72b6dddcb1ebb8123cb3712530b08cc387b349a3d8"
url = "https://github.com/rhysd/actionlint/releases/download/v1.7.12/actionlint_1.7.12_linux_amd64.tar.gz"
url_api = "https://api.github.com/repos/rhysd/actionlint/releases/assets/384924896"
provenance = "github-attestations"

[tools.actionlint."platforms.macos-arm64"]
checksum = "sha256:aba9ced2dee8d27fecca3dc7feb1a7f9a52caefa1eb46f3271ea66b6e0e6953f"
url = "https://github.com/rhysd/actionlint/releases/download/v1.7.12/actionlint_1.7.12_darwin_arm64.tar.gz"
url_api = "https://api.github.com/repos/rhysd/actionlint/releases/assets/384924893"
provenance = "github-attestations"

[tools.actionlint."platforms.macos-x64"]
checksum = "sha256:5b44c3bc2255115c9b69e30efc0fecdf498fdb63c5d58e17084fd5f16324c644"
url = "https://github.com/rhysd/actionlint/releases/download/v1.7.12/actionlint_1.7.12_darwin_amd64.tar.gz"
url_api = "https://api.github.com/repos/rhysd/actionlint/releases/assets/384924880"
provenance = "github-attestations"

[[tools.buf]]
version = "1.55.0"
backend = "aqua:bufbuild/buf"
specifiers = ["1.55.0"]

[tools.buf."platforms.linux-arm64"]
checksum = "sha256:3141e00247c71a86242d76aba2ac00c429c847a44435ba9a48778f62915f2073"
url = "https://github.com/bufbuild/buf/releases/download/v1.55.0/buf-Linux-aarch64.tar.gz"
url_api = "https://api.github.com/repos/bufbuild/buf/releases/assets/264799806"
provenance = "minisign"

[tools.buf."platforms.linux-x64"]
checksum = "sha256:f3e3a39fc1cc10e079e42258d58e73b3cf9e7deba1acb635a4f67b086d47e44b"
url = "https://github.com/bufbuild/buf/releases/download/v1.55.0/buf-Linux-x86_64.tar.gz"
url_api = "https://api.github.com/repos/bufbuild/buf/releases/assets/264799834"
provenance = "minisign"

[tools.buf."platforms.macos-arm64"]
checksum = "sha256:1c5ed3e6f9390d09ece497c8ffb5a58c6e1e04164da34d6c97044d12388ac1e7"
url = "https://github.com/bufbuild/buf/releases/download/v1.55.0/buf-Darwin-arm64.tar.gz"
url_api = "https://api.github.com/repos/bufbuild/buf/releases/assets/264799804"
provenance = "minisign"

[tools.buf."platforms.macos-x64"]
checksum = "sha256:fbac000bcb3bc5d4bf54150efae46bb224aa60f288710e40c2c9ecd198bdaea8"
url = "https://github.com/bufbuild/buf/releases/download/v1.55.0/buf-Darwin-x86_64.tar.gz"
url_api = "https://api.github.com/repos/bufbuild/buf/releases/assets/264799802"
provenance = "minisign"

[[tools.editorconfig-checker]]
version = "3.11.3"
backend = "aqua:editorconfig-checker/editorconfig-checker"
specifiers = ["3.11.3"]

[tools.editorconfig-checker."platforms.linux-arm64"]
checksum = "sha256:6d333917ad3c21cf0a23c191ec660549de381e6df56ee5e76ace0c513da2b7b4"
url = "https://github.com/editorconfig-checker/editorconfig-checker/releases/download/v3.11.3/ec-linux-arm64.tar.gz"
url_api = "https://api.github.com/repos/editorconfig-checker/editorconfig-checker/releases/assets/543324052"

[tools.editorconfig-checker."platforms.linux-x64"]
checksum = "sha256:6a73858f8906e466910fb3b3b525c206b27dacdad138910b0b0513f021ab32c4"
url = "https://github.com/editorconfig-checker/editorconfig-checker/releases/download/v3.11.3/ec-linux-amd64.tar.gz"
url_api = "https://api.github.com/repos/editorconfig-checker/editorconfig-checker/releases/assets/543324059"

[tools.editorconfig-checker."platforms.macos-arm64"]
checksum = "sha256:eeb0e5d1db4a913277da781bc40802542eb42c4f3f43b7c87c000714dd905faf"
url = "https://github.com/editorconfig-checker/editorconfig-checker/releases/download/v3.11.3/ec-darwin-arm64.tar.gz"
url_api = "https://api.github.com/repos/editorconfig-checker/editorconfig-checker/releases/assets/543324096"

[tools.editorconfig-checker."platforms.macos-x64"]
checksum = "sha256:126c8fa83500389078f6b2072a04170f063787ec9905e5d1ab69a5a62ee5b10d"
url = "https://github.com/editorconfig-checker/editorconfig-checker/releases/download/v3.11.3/ec-darwin-amd64.tar.gz"
url_api = "https://api.github.com/repos/editorconfig-checker/editorconfig-checker/releases/assets/543324099"

[[tools."github:oasdiff/oasdiff"]]
version = "1.31.0"
backend = "github:oasdiff/oasdiff"
specifiers = ["1.31.0"]

[tools."github:oasdiff/oasdiff"."platforms.linux-arm64"]
checksum = "sha256:5df49123030eb0816ccd440ed8f1caa8bab8dcb50aa725485d02226a0c82f49f"
url = "https://github.com/oasdiff/oasdiff/releases/download/v1.31.0/oasdiff_1.31.0_linux_arm64.tar.gz"
url_api = "https://api.github.com/repos/oasdiff/oasdiff/releases/assets/545507277"

[tools."github:oasdiff/oasdiff"."platforms.linux-x64"]
checksum = "sha256:0177d4bc0bf04f4061e9277795b77335ee100a43b508e94fce5c46de083bbede"
url = "https://github.com/oasdiff/oasdiff/releases/download/v1.31.0/oasdiff_1.31.0_linux_amd64.tar.gz"
url_api = "https://api.github.com/repos/oasdiff/oasdiff/releases/assets/545507276"

[tools."github:oasdiff/oasdiff"."platforms.macos-arm64"]
checksum = "sha256:920639cc49da700e37ec070b6981686d6fa2f02d036aa18aeb62e1445ffd9286"
url = "https://github.com/oasdiff/oasdiff/releases/download/v1.31.0/oasdiff_1.31.0_darwin_all.tar.gz"
url_api = "https://api.github.com/repos/oasdiff/oasdiff/releases/assets/545507282"

[tools."github:oasdiff/oasdiff"."platforms.macos-x64"]
checksum = "sha256:920639cc49da700e37ec070b6981686d6fa2f02d036aa18aeb62e1445ffd9286"
url = "https://github.com/oasdiff/oasdiff/releases/download/v1.31.0/oasdiff_1.31.0_darwin_all.tar.gz"
url_api = "https://api.github.com/repos/oasdiff/oasdiff/releases/assets/545507282"

[[tools.gitleaks]]
version = "8.30.1"
backend = "aqua:gitleaks/gitleaks"
specifiers = ["8.30.1"]

[tools.gitleaks."platforms.linux-arm64"]
checksum = "sha256:e4a487ee7ccd7d3a7f7ec08657610aa3606637dab924210b3aee62570fb4b080"
url = "https://github.com/gitleaks/gitleaks/releases/download/v8.30.1/gitleaks_8.30.1_linux_arm64.tar.gz"
url_api = "https://api.github.com/repos/gitleaks/gitleaks/releases/assets/378332057"

[tools.gitleaks."platforms.linux-x64"]
checksum = "sha256:551f6fc83ea457d62a0d98237cbad105af8d557003051f41f3e7ca7b3f2470eb"
url = "https://github.com/gitleaks/gitleaks/releases/download/v8.30.1/gitleaks_8.30.1_linux_x64.tar.gz"
url_api = "https://api.github.com/repos/gitleaks/gitleaks/releases/assets/378332058"

[tools.gitleaks."platforms.macos-arm64"]
checksum = "sha256:b40ab0ae55c505963e365f271a8d3846efbc170aa17f2607f13df610a9aeb6a5"
url = "https://github.com/gitleaks/gitleaks/releases/download/v8.30.1/gitleaks_8.30.1_darwin_arm64.tar.gz"
url_api = "https://api.github.com/repos/gitleaks/gitleaks/releases/assets/378332059"

[tools.gitleaks."platforms.macos-x64"]
checksum = "sha256:dfe101a4db2255fc85120ac7f3d25e4342c3c20cf749f2c20a18081af1952709"
url = "https://github.com/gitleaks/gitleaks/releases/download/v8.30.1/gitleaks_8.30.1_darwin_x64.tar.gz"
url_api = "https://api.github.com/repos/gitleaks/gitleaks/releases/assets/378332053"

[[tools."go:github.com/caarlos0/jsonfmt"]]
version = "0.5.2"
backend = "go:github.com/caarlos0/jsonfmt"
specifiers = ["0.5.2"]

[[tools."go:github.com/daixiang0/gci"]]
version = "0.14.0"
backend = "go:github.com/daixiang0/gci"
specifiers = ["0.14.0"]

[[tools."go:github.com/go-delve/delve/cmd/dlv"]]
version = "1.27.1"
backend = "go:github.com/go-delve/delve/cmd/dlv"
specifiers = ["1.27.1"]

[[tools."go:github.com/go42-dev/go42x"]]
version = "0.19.1"
backend = "go:github.com/go42-dev/go42x"
specifiers = ["0.19.1"]

[[tools."go:github.com/google/yamlfmt/cmd/yamlfmt"]]
version = "0.21.0"
backend = "go:github.com/google/yamlfmt/cmd/yamlfmt"
specifiers = ["0.21.0"]

[[tools."go:github.com/ogen-go/ogen/cmd/ogen"]]
version = "1.24.0"
backend = "go:github.com/ogen-go/ogen/cmd/ogen"
specifiers = ["1.24.0"]

[[tools."go:github.com/securego/gosec/v2/cmd/gosec"]]
version = "2.29.1-0.20260904090110-598d6146b91b"
backend = "go:github.com/securego/gosec/v2/cmd/gosec"
specifiers = ["v2.29.1-0.20260904090110-598d6146b91b"]

[[tools."go:go.uber.org/mock/mockgen"]]
version = "0.6.0"
backend = "go:go.uber.org/mock/mockgen"
specifiers = ["0.6.0"]

[[tools."go:golang.org/x/tools/gopls"]]
version = "0.23.0"
backend = "go:golang.org/x/tools/gopls"
specifiers = ["0.23.0"]

[[tools."go:golang.org/x/vuln/cmd/govulncheck"]]
version = "1.7.0"
backend = "go:golang.org/x/vuln/cmd/govulncheck"
specifiers = ["1.7.0"]

[[tools."go:google.golang.org/grpc/cmd/protoc-gen-go-grpc"]]
version = "1.6.2"
backend = "go:google.golang.org/grpc/cmd/protoc-gen-go-grpc"
specifiers = ["1.6.2"]

[[tools."go:google.golang.org/protobuf/cmd/protoc-gen-go"]]
version = "1.36.12"
backend = "go:google.golang.org/protobuf/cmd/protoc-gen-go"
specifiers = ["1.36.12"]

[[tools.golangci-lint]]
version = "2.13.2"
backend = "aqua:golangci/golangci-lint"
specifiers = ["2.13.2"]

[tools.golangci-lint."platforms.linux-arm64"]
checksum = "sha256:a2a4e0065aa41be71f7c5ac90f271b61751331e5d04314e62afe4027855f0893"
url = "https://github.com/golangci/golangci-lint/releases/download/v2.13.2/golangci-lint-2.13.2-linux-arm64.tar.gz"
url_api = "https://api.github.com/repos/golangci/golangci-lint/releases/assets/532995442"
provenance = "github-attestations"

[tools.golangci-lint."platforms.linux-x64"]
checksum = "sha256:2277d43b98ec0054280f2ac26b53268bae97682444678a59a657dd565da021d6"
url = "https://github.com/golangci/golangci-lint/releases/download/v2.13.2/golangci-lint-2.13.2-linux-amd64.tar.gz"
url_api = "https://api.github.com/repos/golangci/golangci-lint/releases/assets/532995333"
provenance = "github-attestations"

[tools.golangci-lint."platforms.macos-arm64"]
checksum = "sha256:f4bf83f0b64f055c42b28fc9a38861839f69c096e61c788e72dfaae412011789"
url = "https://github.com/golangci/golangci-lint/releases/download/v2.13.2/golangci-lint-2.13.2-darwin-arm64.tar.gz"
url_api = "https://api.github.com/repos/golangci/golangci-lint/releases/assets/532995398"
provenance = "github-attestations"

[tools.golangci-lint."platforms.macos-x64"]
checksum = "sha256:8a13aaf9cbbb1dee52824e862cf0d0720e5bb97c1f4260d1e51623a09492b57b"
url = "https://github.com/golangci/golangci-lint/releases/download/v2.13.2/golangci-lint-2.13.2-darwin-amd64.tar.gz"
url_api = "https://api.github.com/repos/golangci/golangci-lint/releases/assets/532995222"
provenance = "github-attestations"

[[tools.golines]]
version = "0.13.0"
backend = "aqua:segmentio/golines"
specifiers = ["0.13.0"]

[tools.golines."platforms.linux-arm64"]
checksum = "sha256:97c92dd8c94bcffda79422d4260d41d067b164debefbd1fae0f8551ba04bec94"
url = "https://github.com/segmentio/golines/releases/download/v0.13.0/golines_0.13.0_linux_arm64.tar.gz"
url_api = "https://api.github.com/repos/segmentio/golines/releases/assets/284914863"

[tools.golines."platforms.linux-x64"]
checksum = "sha256:8b29855348124097036b8d3f90dc27e9d5ed6f6b6d1c5bb4fdc6557ce01f02e9"
url = "https://github.com/segmentio/golines/releases/download/v0.13.0/golines_0.13.0_linux_amd64.tar.gz"
url_api = "https://api.github.com/repos/segmentio/golines/releases/assets/284914860"

[tools.golines."platforms.macos-arm64"]
checksum = "sha256:82fb27c00940beade79a6bce44dcb7b60fee7fe8a9c0f933876dad74196ea6ba"
url = "https://github.com/segmentio/golines/releases/download/v0.13.0/golines_0.13.0_darwin_all.tar.gz"
url_api = "https://api.github.com/repos/segmentio/golines/releases/assets/284914861"

[tools.golines."platforms.macos-x64"]
checksum = "sha256:82fb27c00940beade79a6bce44dcb7b60fee7fe8a9c0f933876dad74196ea6ba"
url = "https://github.com/segmentio/golines/releases/download/v0.13.0/golines_0.13.0_darwin_all.tar.gz"
url_api = "https://api.github.com/repos/segmentio/golines/releases/assets/284914861"

[[tools.hadolint]]
version = "2.15.1"
backend = "aqua:hadolint/hadolint"
specifiers = ["2.15.1"]

[tools.hadolint."platforms.linux-arm64"]
checksum = "sha256:f6198ef8090f404dbb771abfee086eb8c48ac177f30da7fd3510aca35b344b5d"
url = "https://github.com/hadolint/hadolint/releases/download/v2.15.1/hadolint-linux-arm64"
url_api = "https://api.github.com/repos/hadolint/hadolint/releases/assets/496546507"
provenance = "github-attestations"

[tools.hadolint."platforms.linux-x64"]
checksum = "sha256:c7187db94eeeeca956519a6af171adc31453941a1e777961f6e680f697c8c507"
url = "https://github.com/hadolint/hadolint/releases/download/v2.15.1/hadolint-linux-x86_64"
url_api = "https://api.github.com/repos/hadolint/hadolint/releases/assets/496546506"
provenance = "github-attestations"

[tools.hadolint."platforms.macos-arm64"]
checksum = "sha256:5c09f3213f8e40406abe048233d985eebef336d4a6a20021be47fadb6cf480a2"
url = "https://github.com/hadolint/hadolint/releases/download/v2.15.1/hadolint-macos-arm64"
url_api = "https://api.github.com/repos/hadolint/hadolint/releases/assets/496546505"
provenance = "github-attestations"

[tools.hadolint."platforms.macos-x64"]
checksum = "sha256:ffe9bb18b23d5ed1eae50237aecdbb523d016e96da0bd4e7aa432040acfc3fde"
url = "https://github.com/hadolint/hadolint/releases/download/v2.15.1/hadolint-macos-x86_64"
url_api = "https://api.github.com/repos/hadolint/hadolint/releases/assets/496546509"
provenance = "github-attestations"

[[tools.helm]]
version = "4.2.4"
backend = "aqua:helm/helm"
specifiers = ["4.2.4"]

[tools.helm."platforms.linux-arm64"]
checksum = "sha256:564de2191b881e9f71b5606b25345821ea1682f06ab90499d3ab22b530176da1"
url = "https://get.helm.sh/helm-v4.2.4-linux-arm64.tar.gz"

[tools.helm."platforms.linux-x64"]
checksum = "sha256:c306b46f719b0a4da32d0f78ee21bf90ce8d602f15b22ab753f0674d1670a7f3"
url = "https://get.helm.sh/helm-v4.2.4-linux-amd64.tar.gz"

[tools.helm."platforms.macos-arm64"]
checksum = "sha256:d747eb4e28bd2727173d15b759fa0a17822291ec09db7ced3d55af290a3661a2"
url = "https://get.helm.sh/helm-v4.2.4-darwin-arm64.tar.gz"

[tools.helm."platforms.macos-x64"]
checksum = "sha256:6c163d687ca03c3b5c01928e53bbbcf9518278f47ce7a2f249a5a08e8bdaa2bc"
url = "https://get.helm.sh/helm-v4.2.4-darwin-amd64.tar.gz"

[[tools.jq]]
version = "1.8.2"
backend = "aqua:jqlang/jq"
specifiers = ["1.8.2"]

[tools.jq."platforms.linux-arm64"]
checksum = "sha256:8b85c817833814ddca00a144c33705546355afccf0cf39b188f3cdb48b852309"
url = "https://github.com/jqlang/jq/releases/download/jq-1.8.2/jq-linux-arm64"
url_api = "https://api.github.com/repos/jqlang/jq/releases/assets/453012756"
provenance = "github-attestations"

[tools.jq."platforms.linux-x64"]
checksum = "sha256:b1c22172dd303f3be49e935aa56aa48a8b7a46e0bc838b4997d3bb451495870f"
url = "https://github.com/jqlang/jq/releases/download/jq-1.8.2/jq-linux-amd64"
url_api = "https://api.github.com/repos/jqlang/jq/releases/assets/453012752"
provenance = "github-attestations"

[tools.jq."platforms.macos-arm64"]
checksum = "sha256:2d75340ba57a4b4b4c8708a21c2dc8e958a48aaa8bba13b27f77f6e4c0eca07e"
url = "https://github.com/jqlang/jq/releases/download/jq-1.8.2/jq-macos-arm64"
url_api = "https://api.github.com/repos/jqlang/jq/releases/assets/453012783"
provenance = "github-attestations"

[tools.jq."platforms.macos-x64"]
checksum = "sha256:e94b266e3c26690550006abe63152b782280f4e14374accdf04cbde844f00bc0"
url = "https://github.com/jqlang/jq/releases/download/jq-1.8.2/jq-macos-amd64"
url_api = "https://api.github.com/repos/jqlang/jq/releases/assets/453012782"
provenance = "github-attestations"

[[tools.k6]]
version = "2.2.0"
backend = "aqua:grafana/k6"
specifiers = ["2.2.0"]

[tools.k6."platforms.linux-arm64"]
checksum = "sha256:4ecd64cadcc792402d16293836115480419c4447c032858f564852d98f1bf54c"
url = "https://github.com/grafana/k6/releases/download/v2.2.0/k6-v2.2.0-linux-arm64.tar.gz"
url_api = "https://api.github.com/repos/grafana/k6/releases/assets/508824463"

[tools.k6."platforms.linux-x64"]
checksum = "sha256:b5a8003c86f35f5cd5ceef1490312c48e587696c94d998cefc6d7b3b4cb1597d"
url = "https://github.com/grafana/k6/releases/download/v2.2.0/k6-v2.2.0-linux-amd64.tar.gz"
url_api = "https://api.github.com/repos/grafana/k6/releases/assets/508824467"

[tools.k6."platforms.macos-arm64"]
checksum = "sha256:37a028506bf13578de66c906296803775df28cc2504b1a8c5d786b2803e757c7"
url = "https://github.com/grafana/k6/releases/download/v2.2.0/k6-v2.2.0-macos-arm64.zip"
url_api = "https://api.github.com/repos/grafana/k6/releases/assets/508824492"

[tools.k6."platforms.macos-x64"]
checksum = "sha256:45a08590511c8a6a9c6331645e60c41624924e848e29472e87c60ac956d50372"
url = "https://github.com/grafana/k6/releases/download/v2.2.0/k6-v2.2.0-macos-amd64.zip"
url_api = "https://api.github.com/repos/grafana/k6/releases/assets/508824471"

[[tools.markdownlint-cli2]]
version = "0.23.2"
backend = "npm:markdownlint-cli2"
specifiers = ["0.23.2"]

[[tools.node]]
version = "26.7.0"
backend = "core:node"
specifiers = ["26.7.0"]

[tools.node."platforms.linux-arm64"]
checksum = "sha256:925aa6157dd37542d0d7f2e28b7bf61e7b39284411210b0498bc3788db4aef68"
url = "https://nodejs.org/dist/v26.7.0/node-v26.7.0-linux-arm64.tar.gz"

[tools.node."platforms.linux-x64"]
checksum = "sha256:bd6b6c31e377bad9ad579bed72e5bc11f4c879ac9452ad51d30e646ea3d828df"
url = "https://nodejs.org/dist/v26.7.0/node-v26.7.0-linux-x64.tar.gz"

[tools.node."platforms.macos-arm64"]
checksum = "sha256:7ee659a7768e641bbfd5360940660b8e8fd0052f77488f365562bac522fc15d4"
url = "https://nodejs.org/dist/v26.7.0/node-v26.7.0-darwin-arm64.tar.gz"

[tools.node."platforms.macos-x64"]
checksum = "sha256:f279d1ed28ce57f7788bf23435d2ad7fdd7438904ad5c4d8a1081a7cde3d4b96"
url = "https://nodejs.org/dist/v26.7.0/node-v26.7.0-darwin-x64.tar.gz"

[[tools."npm:@redocly/cli"]]
version = "2.51.2"
backend = "npm:@redocly/cli"
specifiers = ["2.51.2"]

[[tools.oapi-codegen]]
version = "2.8.0"
backend = "go:github.com/oapi-codegen/oapi-codegen/v2/cmd/oapi-codegen"
specifiers = ["2.8.0"]

[[tools."pipx:sqlfluff"]]
version = "4.3.0"
backend = "pipx:sqlfluff"
specifiers = ["4.3.0"]

[tools."pipx:sqlfluff".options]
uvx_args = "--python 3.14.7"

[[tools."pipx:sqlfluff"]]
version = "4.3.0"
backend = "pipx:sqlfluff"
specifiers = ["4.3.0"]

[tools."pipx:sqlfluff".options]
uvx_args = "--python python"

[[tools.python]]
version = "3.14.7"
backend = "core:python"
specifiers = ["3.14.7"]

[tools.python."platforms.linux-arm64"]
checksum = "sha256:8a0798baa8a2c27b5751d590aced543eaa85e20b3f73d93c1af049688acdc9c5"
url = "https://github.com/astral-sh/python-build-standalone/releases/download/20260901/cpython-3.14.7+20260901-aarch64-unknown-linux-gnu-install_only_stripped.tar.gz"
provenance = "github-attestations"

[tools.python."platforms.linux-x64"]
checksum = "sha256:3959f92825141e04adf44982d3a83ee57af0877e893b0796e04c1468749d9b04"
url = "https://github.com/astral-sh/python-build-standalone/releases/download/20260901/cpython-3.14.7+20260901-x86_64-unknown-linux-gnu-install_only_stripped.tar.gz"
provenance = "github-attestations"

[tools.python."platforms.macos-arm64"]
checksum = "sha256:4632cb1a6edad9e73d3c81b6d2e69131637d995173e3e85005df14102b0592ba"
url = "https://github.com/astral-sh/python-build-standalone/releases/download/20260901/cpython-3.14.7+20260901-aarch64-apple-darwin-install_only_stripped.tar.gz"
provenance = "github-attestations"

[tools.python."platforms.macos-x64"]
checksum = "sha256:7e151a7c9028855b61a7d6e78381f2020a1ef185281399f3b1aafc5e1c9a1a64"
url = "https://github.com/astral-sh/python-build-standalone/releases/download/20260901/cpython-3.14.7+20260901-x86_64-apple-darwin-install_only_stripped.tar.gz"
provenance = "github-attestations"

[[tools.uv]]
version = "0.12.10"
backend = "aqua:astral-sh/uv"
specifiers = ["0.12.10"]

[tools.uv."platforms.linux-arm64"]
checksum = "sha256:9ff6b9d4665edcdd3a88dcc73cd1eb641754deb927f14e8c62ebfde6bf4f5f5e"
url = "https://github.com/astral-sh/uv/releases/download/0.12.10/uv-aarch64-unknown-linux-gnu.tar.gz"
url_api = "https://api.github.com/repos/astral-sh/uv/releases/assets/545034356"
provenance = "github-attestations"

[tools.uv."platforms.linux-x64"]
checksum = "sha256:173d95a0c32d18c896c46ba6fafbf3cf9c14ab74b033f81b76c883ef492a976b"
url = "https://github.com/astral-sh/uv/releases/download/0.12.10/uv-x86_64-unknown-linux-gnu.tar.gz"
url_api = "https://api.github.com/repos/astral-sh/uv/releases/assets/545034465"
provenance = "github-attestations"

[tools.uv."platforms.macos-arm64"]
checksum = "sha256:51c6170e8e3a01cef9f33b94f582b7b81ac65046f55d40afb35f9cff5a68c179"
url = "https://github.com/astral-sh/uv/releases/download/0.12.10/uv-aarch64-apple-darwin.tar.gz"
url_api = "https://api.github.com/repos/astral-sh/uv/releases/assets/545034336"
provenance = "github-attestations"

[tools.uv."platforms.macos-x64"]
checksum = "sha256:5296d5aa2b9143360405eea866f8ef4d5dc8986b164eb0dc35e8f876a9304d30"
url = "https://github.com/astral-sh/uv/releases/download/0.12.10/uv-x86_64-apple-darwin.tar.gz"
url_api = "https://api.github.com/repos/astral-sh/uv/releases/assets/545034436"
provenance = "github-attestations"

[[tools.vale]]
version = "3.18.0"
backend = "aqua:vale-cli/vale"
specifiers = ["3.18.0"]

[tools.vale."platforms.linux-arm64"]
checksum = "sha256:228325a79f3e6d8b4798d82901f8ed36f6d12b7ff0bad2cc83512dde0c84fbcc"
url = "https://github.com/vale-cli/vale/releases/download/v3.18.0/vale_3.18.0_Linux_arm64.tar.gz"
url_api = "https://api.github.com/repos/vale-cli/vale/releases/assets/522705129"

[tools.vale."platforms.linux-x64"]
checksum = "sha256:a6f71a75a12fe689345b754f2412b90367fe33648abb7d200fa19eaadc2dbf6d"
url = "https://github.com/vale-cli/vale/releases/download/v3.18.0/vale_3.18.0_Linux_64-bit.tar.gz"
url_api = "https://api.github.com/repos/vale-cli/vale/releases/assets/522705132"

[tools.vale."platforms.macos-arm64"]
checksum = "sha256:4d7de9bda8379da14cd45048500199c549413187526d0913383ad822866ad43d"
url = "https://github.com/vale-cli/vale/releases/download/v3.18.0/vale_3.18.0_macOS_arm64.tar.gz"
url_api = "https://api.github.com/repos/vale-cli/vale/releases/assets/522705131"

[tools.vale."platforms.macos-x64"]
checksum = "sha256:7ec47dad588bf1421e12f72f15219dcc96e3adf7204918ee86ea81fe8cddab8d"
url = "https://github.com/vale-cli/vale/releases/download/v3.18.0/vale_3.18.0_macOS_64-bit.tar.gz"
url_api = "https://api.github.com/repos/vale-cli/vale/releases/assets/522705130"

[[tools.yq]]
version = "4.53.6"
backend = "aqua:mikefarah/yq"
specifiers = ["4.53.6"]

[tools.yq."platforms.linux-arm64"]
checksum = "sha256:88a1016bc1d657375a35864e4f44b6f333df8ff97b559f51bba0adcb2169df09"
url = "https://github.com/mikefarah/yq/releases/download/v4.53.6/yq_linux_arm64"
url_api = "https://api.github.com/repos/mikefarah/yq/releases/assets/522028007"
provenance = "cosign"

[tools.yq."platforms.linux-x64"]
checksum = "sha256:c5f056448f973ae7d39b5401949648a78f2dc1947d6a8eb65be60d5c504b9385"
url = "https://github.com/mikefarah/yq/releases/download/v4.53.6/yq_linux_amd64"
url_api = "https://api.github.com/repos/mikefarah/yq/releases/assets/522028022"
provenance = "cosign"

[tools.yq."platforms.macos-arm64"]
checksum = "sha256:cceb0b8d71ea5294334121f8429f33f92b920e7217d904a2f9f35443968ac424"
url = "https://github.com/mikefarah/yq/releases/download/v4.53.6/yq_darwin_arm64"
url_api = "https://api.github.com/repos/mikefarah/yq/releases/assets/522028033"
provenance = "cosign"

[tools.yq."platforms.macos-x64"]
checksum = "sha256:caa513cb04f3804b34d4752f0e0d7904fecb9e7cf1d34081289f83259319a7f6"
url = "https://github.com/mikefarah/yq/releases/download/v4.53.6/yq_darwin_amd64"
url_api = "https://api.github.com/repos/mikefarah/yq/releases/assets/522028031"
provenance = "cosign"

[[tools.zizmor]]
version = "1.30.0"
backend = "aqua:zizmorcore/zizmor"
specifiers = ["1.30.0"]

[tools.zizmor."platforms.linux-arm64"]
checksum = "sha256:018a024d6b6d09733b07f6ef42838d984c23ec04bc9b2acd55f7d67826aeafe5"
url = "https://github.com/zizmorcore/zizmor/releases/download/v1.30.0/zizmor-aarch64-unknown-linux-gnu.tar.gz"
url_api = "https://api.github.com/repos/zizmorcore/zizmor/releases/assets/537081734"
provenance = "github-attestations"

[tools.zizmor."platforms.linux-x64"]
checksum = "sha256:ec8c95cd800845abb9bbc5f377ec7c57d2eb8e2386a00a201d3a74ee4092e5ed"
url = "https://github.com/zizmorcore/zizmor/releases/download/v1.30.0/zizmor-x86_64-unknown-linux-gnu.tar.gz"
url_api = "https://api.github.com/repos/zizmorcore/zizmor/releases/assets/537081732"
provenance = "github-attestations"

[tools.zizmor."platforms.macos-arm64"]
checksum = "sha256:c9c5d83730efb86f2cd71b487605c00a4d63903e4f9458485ed5eac3b1924ab1"
url = "https://github.com/zizmorcore/zizmor/releases/download/v1.30.0/zizmor-aarch64-apple-darwin.tar.gz"
url_api = "https://api.github.com/repos/zizmorcore/zizmor/releases/assets/537081737"
provenance = "github-attestations"

[tools.zizmor."platforms.macos-x64"]
checksum = "sha256:343c85c8f709edf14bf3c8781d53574975ecbb2d23c80ed1eab4932ab0a72343"
url = "https://github.com/zizmorcore/zizmor/releases/download/v1.30.0/zizmor-x86_64-apple-darwin.tar.gz"
url_api = "https://api.github.com/repos/zizmorcore/zizmor/releases/assets/537081736"
provenance = "github-attestations"
